{
  "name": "otlw-temp",
  "version": "1.0.0",
  "lockfileVersion": 2,
  "requires": true,
  "packages": {
    "": {
      "name": "otlw-temp",
      "version": "1.0.0",
      "license": "ISC",
      "dependencies": {
        "mouse-speed": "^2.0.1",
        "touch-velocity": "^0.0.4"
      }
    },
    "node_modules/mouse-speed": {
      "version": "2.0.1",
      "resolved": "https://registry.npmjs.org/mouse-speed/-/mouse-speed-2.0.1.tgz",
      "integrity": "sha512-NeOmpVctrBVk0+gWXcqVef+Z6S64lhs0O6AI+BFW5k/7K7v3FJbap669YfkkE4cDfRGeRGGT/Ykv4e0I3dE1Lg=="
    },
    "node_modules/touch-velocity": {
      "version": "0.0.4",
      "resolved": "https://registry.npmjs.org/touch-velocity/-/touch-velocity-0.0.4.tgz",
      "integrity": "sha512-kxNB/CC29Leq46Eu8Wr1VPJIouXKwHZpgLVwGi6H68laA/ZK1jxjrgIubb6d3VpwmPbNWdUGt0t68GkiwEvv4A=="
    }
  },
  "dependencies": {
    "mouse-speed": {
      "version": "2.0.1",
      "resolved": "https://registry.npmjs.org/mouse-speed/-/mouse-speed-2.0.1.tgz",
      "integrity": "sha512-NeOmpVctrBVk0+gWXcqVef+Z6S64lhs0O6AI+BFW5k/7K7v3FJbap669YfkkE4cDfRGeRGGT/Ykv4e0I3dE1Lg=="
    },
    "touch-velocity": {
      "version": "0.0.4",
      "resolved": "https://registry.npmjs.org/touch-velocity/-/touch-velocity-0.0.4.tgz",
      "integrity": "sha512-kxNB/CC29Leq46Eu8Wr1VPJIouXKwHZpgLVwGi6H68laA/ZK1jxjrgIubb6d3VpwmPbNWdUGt0t68GkiwEvv4A=="
    }
  }
}
